
Microsoft Visual Studio Solution File, Format Version 12.00
# Visual Studio Version 16
VisualStudioVersion = 16.0.30413.136
MinimumVisualStudioVersion = 10.0.40219.1
Project("{FAE04EC0-301F-11D3-BF4B-00C04F79EFBC}") = "KillProcess", "KillProcess.csproj", "{DF821A25-BEE4-4CD4-A91B-EFB5C32AAD16}"
EndProject
Global
	GlobalSection(SolutionConfigurationPlatforms) = preSolution
		Debug|Any CPU = Debug|Any CPU
		Release|Any CPU = Release|Any CPU
	EndGlobalSection
	GlobalSection(ProjectConfigurationPlatforms) = postSolution
		{DF821A25-BEE4-4CD4-A91B-EFB5C32AAD16}.Debug|Any CPU.ActiveCfg = Debug|Any CPU
		{DF821A25-BEE4-4CD4-A91B-EFB5C32AAD16}.Debug|Any CPU.Build.0 = Debug|Any CPU
		{DF821A25-BEE4-4CD4-A91B-EFB5C32AAD16}.Release|Any CPU.ActiveCfg = Release|Any CPU
		{DF821A25-BEE4-4CD4-A91B-EFB5C32AAD16}.Release|Any CPU.Build.0 = Release|Any CPU
	EndGlobalSection
	GlobalSection(SolutionProperties) = preSolution
		HideSolutionNode = FALSE
	EndGlobalSection
	GlobalSection(ExtensibilityGlobals) = postSolution
		SolutionGuid = {2573B348-60F4-4F13-B72B-B708D15CAFA7}
	EndGlobalSection
EndGlobal
